<?xml version="1.0" encoding="utf-8"?>
<Project ToolsVersion="16.0" xmlns="http://schemas.microsoft.com/developer/msbuild/2003">
  <ItemGroup>
    <ClCompile Include="A:\FDTD_Method\FDTD_Method\src\FDTD.cpp">
      <Filter>Source Files</Filter>
    </ClCompile>
    <ClCompile Include="A:\FDTD_Method\FDTD_Method\src\test_FDTD.cpp">
      <Filter>Source Files</Filter>
    </ClCompile>
    <ClCompile Include="A:\FDTD_Method\FDTD_Method\test\test_main.cpp">
      <Filter>Source Files</Filter>
    </ClCompile>
  </ItemGroup>
  <ItemGroup>
    <ClInclude Include="A:\FDTD_Method\FDTD_Method\gtest\gtest.h">
      <Filter>Header Files</Filter>
    </ClInclude>
    <ClInclude Include="A:\FDTD_Method\FDTD_Method\include\FDTD.h">
      <Filter>Header Files</Filter>
    </ClInclude>
    <ClInclude Include="A:\FDTD_Method\FDTD_Method\include\test_FDTD.h">
      <Filter>Header Files</Filter>
    </ClInclude>
  </ItemGroup>
  <ItemGroup>
    <CustomBuild Include="A:\FDTD_Method\FDTD_Method\sln\FDTD_test\CMakeLists.txt" />
  </ItemGroup>
  <ItemGroup>
    <Filter Include="Header Files">
      <UniqueIdentifier>{A13D8BB6-E069-349F-A35B-99BB3A0D89BD}</UniqueIdentifier>
    </Filter>
    <Filter Include="Source Files">
      <UniqueIdentifier>{FB28F087-299B-3245-B6A4-505C29AFE4BF}</UniqueIdentifier>
    </Filter>
  </ItemGroup>
</Project>
