<?xml version="1.0" encoding="utf-8"?>
<Project ToolsVersion="16.0" xmlns="http://schemas.microsoft.com/developer/msbuild/2003">
  <ItemGroup>
    <ClCompile Include="C:\Users\Савелий\Desktop\tmp\FDTD_Method\src\FDTD.cpp">
      <Filter>Source Files</Filter>
    </ClCompile>
    <ClCompile Include="C:\Users\Савелий\Desktop\tmp\FDTD_Method\samples\sample.cpp">
      <Filter>Source Files</Filter>
    </ClCompile>
  </ItemGroup>
  <ItemGroup>
    <ClInclude Include="C:\Users\Савелий\Desktop\tmp\FDTD_Method\include\FDTD.h">
      <Filter>Header Files</Filter>
    </ClInclude>
  </ItemGroup>
  <ItemGroup>
    <CustomBuild Include="C:\Users\Савелий\Desktop\tmp\FDTD_Method\samples\CMakeLists.txt" />
  </ItemGroup>
  <ItemGroup>
    <Filter Include="Header Files">
      <UniqueIdentifier>{FCA59871-09E6-3115-8901-45BAB8889C47}</UniqueIdentifier>
    </Filter>
    <Filter Include="Source Files">
      <UniqueIdentifier>{71875311-627E-3DE7-802E-DE21AE181D3D}</UniqueIdentifier>
    </Filter>
  </ItemGroup>
</Project>
