
Microsoft Visual Studio Solution File, Format Version 12.00
# Visual Studio Version 16
Project("{8BC9CEB8-8B4A-11D0-8D11-00A0C91BC942}") = "ALL_BUILD", "ALL_BUILD.vcxproj", "{63A3B5CB-37A5-3930-906F-7082A84CDFA2}"
	ProjectSection(ProjectDependencies) = postProject
		{F6059A17-BF71-3D87-A23E-356CE15DAFF4} = {F6059A17-BF71-3D87-A23E-356CE15DAFF4}
		{C9AC3713-F9FA-39AD-B555-B16CB1906909} = {C9AC3713-F9FA-39AD-B555-B16CB1906909}
		{0C00A5A1-0BB9-3056-AEF8-70F08D1355A5} = {0C00A5A1-0BB9-3056-AEF8-70F08D1355A5}
		{C2921F86-4805-38E7-800F-CC004A5C6DEC} = {C2921F86-4805-38E7-800F-CC004A5C6DEC}
		{E4DB9955-3859-3474-9413-0416BB77B964} = {E4DB9955-3859-3474-9413-0416BB77B964}
	EndProjectSection
EndProject
Project("{8BC9CEB8-8B4A-11D0-8D11-00A0C91BC942}") = "FDTD", "FDTD\FDTD.vcxproj", "{F6059A17-BF71-3D87-A23E-356CE15DAFF4}"
	ProjectSection(ProjectDependencies) = postProject
		{0C00A5A1-0BB9-3056-AEF8-70F08D1355A5} = {0C00A5A1-0BB9-3056-AEF8-70F08D1355A5}
	EndProjectSection
EndProject
Project("{8BC9CEB8-8B4A-11D0-8D11-00A0C91BC942}") = "FDTD_test", "FDTD_test\FDTD_test.vcxproj", "{C9AC3713-F9FA-39AD-B555-B16CB1906909}"
	ProjectSection(ProjectDependencies) = postProject
		{0C00A5A1-0BB9-3056-AEF8-70F08D1355A5} = {0C00A5A1-0BB9-3056-AEF8-70F08D1355A5}
		{C2921F86-4805-38E7-800F-CC004A5C6DEC} = {C2921F86-4805-38E7-800F-CC004A5C6DEC}
	EndProjectSection
EndProject
Project("{8BC9CEB8-8B4A-11D0-8D11-00A0C91BC942}") = "ZERO_CHECK", "ZERO_CHECK.vcxproj", "{0C00A5A1-0BB9-3056-AEF8-70F08D1355A5}"
	ProjectSection(ProjectDependencies) = postProject
	EndProjectSection
EndProject
Project("{8BC9CEB8-8B4A-11D0-8D11-00A0C91BC942}") = "gtest", "gtest\gtest.vcxproj", "{C2921F86-4805-38E7-800F-CC004A5C6DEC}"
	ProjectSection(ProjectDependencies) = postProject
		{0C00A5A1-0BB9-3056-AEF8-70F08D1355A5} = {0C00A5A1-0BB9-3056-AEF8-70F08D1355A5}
	EndProjectSection
EndProject
Project("{8BC9CEB8-8B4A-11D0-8D11-00A0C91BC942}") = "sample", "sample\sample.vcxproj", "{E4DB9955-3859-3474-9413-0416BB77B964}"
	ProjectSection(ProjectDependencies) = postProject
		{0C00A5A1-0BB9-3056-AEF8-70F08D1355A5} = {0C00A5A1-0BB9-3056-AEF8-70F08D1355A5}
	EndProjectSection
EndProject
Global
	GlobalSection(SolutionConfigurationPlatforms) = preSolution
		Debug|x64 = Debug|x64
		Release|x64 = Release|x64
		MinSizeRel|x64 = MinSizeRel|x64
		RelWithDebInfo|x64 = RelWithDebInfo|x64
	EndGlobalSection
	GlobalSection(ProjectConfigurationPlatforms) = postSolution
		{63A3B5CB-37A5-3930-906F-7082A84CDFA2}.Debug|x64.ActiveCfg = Debug|x64
		{63A3B5CB-37A5-3930-906F-7082A84CDFA2}.Release|x64.ActiveCfg = Release|x64
		{63A3B5CB-37A5-3930-906F-7082A84CDFA2}.MinSizeRel|x64.ActiveCfg = MinSizeRel|x64
		{63A3B5CB-37A5-3930-906F-7082A84CDFA2}.RelWithDebInfo|x64.ActiveCfg = RelWithDebInfo|x64
		{F6059A17-BF71-3D87-A23E-356CE15DAFF4}.Debug|x64.ActiveCfg = Debug|x64
		{F6059A17-BF71-3D87-A23E-356CE15DAFF4}.Debug|x64.Build.0 = Debug|x64
		{F6059A17-BF71-3D87-A23E-356CE15DAFF4}.Release|x64.ActiveCfg = Release|x64
		{F6059A17-BF71-3D87-A23E-356CE15DAFF4}.Release|x64.Build.0 = Release|x64
		{F6059A17-BF71-3D87-A23E-356CE15DAFF4}.MinSizeRel|x64.ActiveCfg = MinSizeRel|x64
		{F6059A17-BF71-3D87-A23E-356CE15DAFF4}.MinSizeRel|x64.Build.0 = MinSizeRel|x64
		{F6059A17-BF71-3D87-A23E-356CE15DAFF4}.RelWithDebInfo|x64.ActiveCfg = RelWithDebInfo|x64
		{F6059A17-BF71-3D87-A23E-356CE15DAFF4}.RelWithDebInfo|x64.Build.0 = RelWithDebInfo|x64
		{C9AC3713-F9FA-39AD-B555-B16CB1906909}.Debug|x64.ActiveCfg = Debug|x64
		{C9AC3713-F9FA-39AD-B555-B16CB1906909}.Debug|x64.Build.0 = Debug|x64
		{C9AC3713-F9FA-39AD-B555-B16CB1906909}.Release|x64.ActiveCfg = Release|x64
		{C9AC3713-F9FA-39AD-B555-B16CB1906909}.Release|x64.Build.0 = Release|x64
		{C9AC3713-F9FA-39AD-B555-B16CB1906909}.MinSizeRel|x64.ActiveCfg = MinSizeRel|x64
		{C9AC3713-F9FA-39AD-B555-B16CB1906909}.MinSizeRel|x64.Build.0 = MinSizeRel|x64
		{C9AC3713-F9FA-39AD-B555-B16CB1906909}.RelWithDebInfo|x64.ActiveCfg = RelWithDebInfo|x64
		{C9AC3713-F9FA-39AD-B555-B16CB1906909}.RelWithDebInfo|x64.Build.0 = RelWithDebInfo|x64
		{0C00A5A1-0BB9-3056-AEF8-70F08D1355A5}.Debug|x64.ActiveCfg = Debug|x64
		{0C00A5A1-0BB9-3056-AEF8-70F08D1355A5}.Debug|x64.Build.0 = Debug|x64
		{0C00A5A1-0BB9-3056-AEF8-70F08D1355A5}.Release|x64.ActiveCfg = Release|x64
		{0C00A5A1-0BB9-3056-AEF8-70F08D1355A5}.Release|x64.Build.0 = Release|x64
		{0C00A5A1-0BB9-3056-AEF8-70F08D1355A5}.MinSizeRel|x64.ActiveCfg = MinSizeRel|x64
		{0C00A5A1-0BB9-3056-AEF8-70F08D1355A5}.MinSizeRel|x64.Build.0 = MinSizeRel|x64
		{0C00A5A1-0BB9-3056-AEF8-70F08D1355A5}.RelWithDebInfo|x64.ActiveCfg = RelWithDebInfo|x64
		{0C00A5A1-0BB9-3056-AEF8-70F08D1355A5}.RelWithDebInfo|x64.Build.0 = RelWithDebInfo|x64
		{C2921F86-4805-38E7-800F-CC004A5C6DEC}.Debug|x64.ActiveCfg = Debug|x64
		{C2921F86-4805-38E7-800F-CC004A5C6DEC}.Debug|x64.Build.0 = Debug|x64
		{C2921F86-4805-38E7-800F-CC004A5C6DEC}.Release|x64.ActiveCfg = Release|x64
		{C2921F86-4805-38E7-800F-CC004A5C6DEC}.Release|x64.Build.0 = Release|x64
		{C2921F86-4805-38E7-800F-CC004A5C6DEC}.MinSizeRel|x64.ActiveCfg = MinSizeRel|x64
		{C2921F86-4805-38E7-800F-CC004A5C6DEC}.MinSizeRel|x64.Build.0 = MinSizeRel|x64
		{C2921F86-4805-38E7-800F-CC004A5C6DEC}.RelWithDebInfo|x64.ActiveCfg = RelWithDebInfo|x64
		{C2921F86-4805-38E7-800F-CC004A5C6DEC}.RelWithDebInfo|x64.Build.0 = RelWithDebInfo|x64
		{E4DB9955-3859-3474-9413-0416BB77B964}.Debug|x64.ActiveCfg = Debug|x64
		{E4DB9955-3859-3474-9413-0416BB77B964}.Debug|x64.Build.0 = Debug|x64
		{E4DB9955-3859-3474-9413-0416BB77B964}.Release|x64.ActiveCfg = Release|x64
		{E4DB9955-3859-3474-9413-0416BB77B964}.Release|x64.Build.0 = Release|x64
		{E4DB9955-3859-3474-9413-0416BB77B964}.MinSizeRel|x64.ActiveCfg = MinSizeRel|x64
		{E4DB9955-3859-3474-9413-0416BB77B964}.MinSizeRel|x64.Build.0 = MinSizeRel|x64
		{E4DB9955-3859-3474-9413-0416BB77B964}.RelWithDebInfo|x64.ActiveCfg = RelWithDebInfo|x64
		{E4DB9955-3859-3474-9413-0416BB77B964}.RelWithDebInfo|x64.Build.0 = RelWithDebInfo|x64
	EndGlobalSection
	GlobalSection(ExtensibilityGlobals) = postSolution
		SolutionGuid = {E86DB9DF-FADF-3BA4-863C-DE89542DBF24}
	EndGlobalSection
	GlobalSection(ExtensibilityAddIns) = postSolution
	EndGlobalSection
EndGlobal
