
Microsoft Visual Studio Solution File, Format Version 12.00
# Visual Studio Version 16
Project("{8BC9CEB8-8B4A-11D0-8D11-00A0C91BC942}") = "ALL_BUILD", "ALL_BUILD.vcxproj", "{3749DDEA-0247-331E-A231-1845DD006B3F}"
	ProjectSection(ProjectDependencies) = postProject
		{100A7AB0-8663-351E-9FB9-53B1AE1E7DBF} = {100A7AB0-8663-351E-9FB9-53B1AE1E7DBF}
		{AF9393A7-9726-3B25-A76D-57CDF2E24449} = {AF9393A7-9726-3B25-A76D-57CDF2E24449}
		{5ED49D53-50BE-3EFD-898B-A75AA078DC83} = {5ED49D53-50BE-3EFD-898B-A75AA078DC83}
		{E7C39CA6-3F88-3809-8AF5-45548E638AC1} = {E7C39CA6-3F88-3809-8AF5-45548E638AC1}
		{D962322B-7DAC-361B-A278-2297FF4A85CA} = {D962322B-7DAC-361B-A278-2297FF4A85CA}
	EndProjectSection
EndProject
Project("{8BC9CEB8-8B4A-11D0-8D11-00A0C91BC942}") = "FDTD", "include\FDTD.vcxproj", "{100A7AB0-8663-351E-9FB9-53B1AE1E7DBF}"
	ProjectSection(ProjectDependencies) = postProject
		{5ED49D53-50BE-3EFD-898B-A75AA078DC83} = {5ED49D53-50BE-3EFD-898B-A75AA078DC83}
	EndProjectSection
EndProject
Project("{8BC9CEB8-8B4A-11D0-8D11-00A0C91BC942}") = "FDTD_test", "test\FDTD_test.vcxproj", "{AF9393A7-9726-3B25-A76D-57CDF2E24449}"
	ProjectSection(ProjectDependencies) = postProject
		{5ED49D53-50BE-3EFD-898B-A75AA078DC83} = {5ED49D53-50BE-3EFD-898B-A75AA078DC83}
		{E7C39CA6-3F88-3809-8AF5-45548E638AC1} = {E7C39CA6-3F88-3809-8AF5-45548E638AC1}
	EndProjectSection
EndProject
Project("{8BC9CEB8-8B4A-11D0-8D11-00A0C91BC942}") = "ZERO_CHECK", "ZERO_CHECK.vcxproj", "{5ED49D53-50BE-3EFD-898B-A75AA078DC83}"
	ProjectSection(ProjectDependencies) = postProject
	EndProjectSection
EndProject
Project("{8BC9CEB8-8B4A-11D0-8D11-00A0C91BC942}") = "gtest", "gtest\gtest.vcxproj", "{E7C39CA6-3F88-3809-8AF5-45548E638AC1}"
	ProjectSection(ProjectDependencies) = postProject
		{5ED49D53-50BE-3EFD-898B-A75AA078DC83} = {5ED49D53-50BE-3EFD-898B-A75AA078DC83}
	EndProjectSection
EndProject
Project("{8BC9CEB8-8B4A-11D0-8D11-00A0C91BC942}") = "sample", "samples\sample.vcxproj", "{D962322B-7DAC-361B-A278-2297FF4A85CA}"
	ProjectSection(ProjectDependencies) = postProject
		{5ED49D53-50BE-3EFD-898B-A75AA078DC83} = {5ED49D53-50BE-3EFD-898B-A75AA078DC83}
	EndProjectSection
EndProject
Global
	GlobalSection(SolutionConfigurationPlatforms) = preSolution
		Debug|x64 = Debug|x64
		Release|x64 = Release|x64
		MinSizeRel|x64 = MinSizeRel|x64
		RelWithDebInfo|x64 = RelWithDebInfo|x64
	EndGlobalSection
	GlobalSection(ProjectConfigurationPlatforms) = postSolution
		{3749DDEA-0247-331E-A231-1845DD006B3F}.Debug|x64.ActiveCfg = Debug|x64
		{3749DDEA-0247-331E-A231-1845DD006B3F}.Release|x64.ActiveCfg = Release|x64
		{3749DDEA-0247-331E-A231-1845DD006B3F}.MinSizeRel|x64.ActiveCfg = MinSizeRel|x64
		{3749DDEA-0247-331E-A231-1845DD006B3F}.RelWithDebInfo|x64.ActiveCfg = RelWithDebInfo|x64
		{100A7AB0-8663-351E-9FB9-53B1AE1E7DBF}.Debug|x64.ActiveCfg = Debug|x64
		{100A7AB0-8663-351E-9FB9-53B1AE1E7DBF}.Debug|x64.Build.0 = Debug|x64
		{100A7AB0-8663-351E-9FB9-53B1AE1E7DBF}.Release|x64.ActiveCfg = Release|x64
		{100A7AB0-8663-351E-9FB9-53B1AE1E7DBF}.Release|x64.Build.0 = Release|x64
		{100A7AB0-8663-351E-9FB9-53B1AE1E7DBF}.MinSizeRel|x64.ActiveCfg = MinSizeRel|x64
		{100A7AB0-8663-351E-9FB9-53B1AE1E7DBF}.MinSizeRel|x64.Build.0 = MinSizeRel|x64
		{100A7AB0-8663-351E-9FB9-53B1AE1E7DBF}.RelWithDebInfo|x64.ActiveCfg = RelWithDebInfo|x64
		{100A7AB0-8663-351E-9FB9-53B1AE1E7DBF}.RelWithDebInfo|x64.Build.0 = RelWithDebInfo|x64
		{AF9393A7-9726-3B25-A76D-57CDF2E24449}.Debug|x64.ActiveCfg = Debug|x64
		{AF9393A7-9726-3B25-A76D-57CDF2E24449}.Debug|x64.Build.0 = Debug|x64
		{AF9393A7-9726-3B25-A76D-57CDF2E24449}.Release|x64.ActiveCfg = Release|x64
		{AF9393A7-9726-3B25-A76D-57CDF2E24449}.Release|x64.Build.0 = Release|x64
		{AF9393A7-9726-3B25-A76D-57CDF2E24449}.MinSizeRel|x64.ActiveCfg = MinSizeRel|x64
		{AF9393A7-9726-3B25-A76D-57CDF2E24449}.MinSizeRel|x64.Build.0 = MinSizeRel|x64
		{AF9393A7-9726-3B25-A76D-57CDF2E24449}.RelWithDebInfo|x64.ActiveCfg = RelWithDebInfo|x64
		{AF9393A7-9726-3B25-A76D-57CDF2E24449}.RelWithDebInfo|x64.Build.0 = RelWithDebInfo|x64
		{5ED49D53-50BE-3EFD-898B-A75AA078DC83}.Debug|x64.ActiveCfg = Debug|x64
		{5ED49D53-50BE-3EFD-898B-A75AA078DC83}.Debug|x64.Build.0 = Debug|x64
		{5ED49D53-50BE-3EFD-898B-A75AA078DC83}.Release|x64.ActiveCfg = Release|x64
		{5ED49D53-50BE-3EFD-898B-A75AA078DC83}.Release|x64.Build.0 = Release|x64
		{5ED49D53-50BE-3EFD-898B-A75AA078DC83}.MinSizeRel|x64.ActiveCfg = MinSizeRel|x64
		{5ED49D53-50BE-3EFD-898B-A75AA078DC83}.MinSizeRel|x64.Build.0 = MinSizeRel|x64
		{5ED49D53-50BE-3EFD-898B-A75AA078DC83}.RelWithDebInfo|x64.ActiveCfg = RelWithDebInfo|x64
		{5ED49D53-50BE-3EFD-898B-A75AA078DC83}.RelWithDebInfo|x64.Build.0 = RelWithDebInfo|x64
		{E7C39CA6-3F88-3809-8AF5-45548E638AC1}.Debug|x64.ActiveCfg = Debug|x64
		{E7C39CA6-3F88-3809-8AF5-45548E638AC1}.Debug|x64.Build.0 = Debug|x64
		{E7C39CA6-3F88-3809-8AF5-45548E638AC1}.Release|x64.ActiveCfg = Release|x64
		{E7C39CA6-3F88-3809-8AF5-45548E638AC1}.Release|x64.Build.0 = Release|x64
		{E7C39CA6-3F88-3809-8AF5-45548E638AC1}.MinSizeRel|x64.ActiveCfg = MinSizeRel|x64
		{E7C39CA6-3F88-3809-8AF5-45548E638AC1}.MinSizeRel|x64.Build.0 = MinSizeRel|x64
		{E7C39CA6-3F88-3809-8AF5-45548E638AC1}.RelWithDebInfo|x64.ActiveCfg = RelWithDebInfo|x64
		{E7C39CA6-3F88-3809-8AF5-45548E638AC1}.RelWithDebInfo|x64.Build.0 = RelWithDebInfo|x64
		{D962322B-7DAC-361B-A278-2297FF4A85CA}.Debug|x64.ActiveCfg = Debug|x64
		{D962322B-7DAC-361B-A278-2297FF4A85CA}.Debug|x64.Build.0 = Debug|x64
		{D962322B-7DAC-361B-A278-2297FF4A85CA}.Release|x64.ActiveCfg = Release|x64
		{D962322B-7DAC-361B-A278-2297FF4A85CA}.Release|x64.Build.0 = Release|x64
		{D962322B-7DAC-361B-A278-2297FF4A85CA}.MinSizeRel|x64.ActiveCfg = MinSizeRel|x64
		{D962322B-7DAC-361B-A278-2297FF4A85CA}.MinSizeRel|x64.Build.0 = MinSizeRel|x64
		{D962322B-7DAC-361B-A278-2297FF4A85CA}.RelWithDebInfo|x64.ActiveCfg = RelWithDebInfo|x64
		{D962322B-7DAC-361B-A278-2297FF4A85CA}.RelWithDebInfo|x64.Build.0 = RelWithDebInfo|x64
	EndGlobalSection
	GlobalSection(ExtensibilityGlobals) = postSolution
		SolutionGuid = {2DF939C5-6877-3B63-BB87-0611A606DE1D}
	EndGlobalSection
	GlobalSection(ExtensibilityAddIns) = postSolution
	EndGlobalSection
EndGlobal
